
Microsoft Visual Studio Solution File, Format Version 12.00
# Visual Studio Version 17
VisualStudioVersion = 17.8.34511.84
MinimumVisualStudioVersion = 10.0.40219.1
Project("{FAE04EC0-301F-11D3-BF4B-00C04F79EFBC}") = "MVCApp", "MVCApp\MVCApp.csproj", "{D0BE3F04-658E-4C36-88AE-2DB3AC0822A1}"
EndProject
Global
	GlobalSection(SolutionConfigurationPlatforms) = preSolution
		Debug|Any CPU = Debug|Any CPU
		Release|Any CPU = Release|Any CPU
	EndGlobalSection
	GlobalSection(ProjectConfigurationPlatforms) = postSolution
		{D0BE3F04-658E-4C36-88AE-2DB3AC0822A1}.Debug|Any CPU.ActiveCfg = Debug|Any CPU
		{D0BE3F04-658E-4C36-88AE-2DB3AC0822A1}.Debug|Any CPU.Build.0 = Debug|Any CPU
		{D0BE3F04-658E-4C36-88AE-2DB3AC0822A1}.Release|Any CPU.ActiveCfg = Release|Any CPU
		{D0BE3F04-658E-4C36-88AE-2DB3AC0822A1}.Release|Any CPU.Build.0 = Release|Any CPU
	EndGlobalSection
	GlobalSection(SolutionProperties) = preSolution
		HideSolutionNode = FALSE
	EndGlobalSection
	GlobalSection(ExtensibilityGlobals) = postSolution
		SolutionGuid = {46765995-39B5-4493-87F1-CD9B01165BD7}
	EndGlobalSection
EndGlobal
